
Microsoft Visual Studio Solution File, Format Version 12.00
# Visual Studio Version 16
VisualStudioVersion = 16.0.31729.503
MinimumVisualStudioVersion = 10.0.40219.1
Project("{FAE04EC0-301F-11D3-BF4B-00C04F79EFBC}") = "AccesoDatos", "AccesoDatos\AccesoDatos.csproj", "{B3B1F83D-10AD-424E-BFBA-5DFC14157D19}"
EndProject
Global
	GlobalSection(SolutionConfigurationPlatforms) = preSolution
		Debug|Any CPU = Debug|Any CPU
		Release|Any CPU = Release|Any CPU
	EndGlobalSection
	GlobalSection(ProjectConfigurationPlatforms) = postSolution
		{B3B1F83D-10AD-424E-BFBA-5DFC14157D19}.Debug|Any CPU.ActiveCfg = Debug|Any CPU
		{B3B1F83D-10AD-424E-BFBA-5DFC14157D19}.Debug|Any CPU.Build.0 = Debug|Any CPU
		{B3B1F83D-10AD-424E-BFBA-5DFC14157D19}.Release|Any CPU.ActiveCfg = Release|Any CPU
		{B3B1F83D-10AD-424E-BFBA-5DFC14157D19}.Release|Any CPU.Build.0 = Release|Any CPU
	EndGlobalSection
	GlobalSection(SolutionProperties) = preSolution
		HideSolutionNode = FALSE
	EndGlobalSection
	GlobalSection(ExtensibilityGlobals) = postSolution
		SolutionGuid = {5B3AD589-048D-470C-B7B3-7DCC241E95EC}
	EndGlobalSection
EndGlobal
